{
  "requires": true,
  "lockfileVersion": 1,
  "dependencies": {
    "abbrev": {
      "version": "1.1.1",
      "resolved": "https://registry.npmjs.org/abbrev/-/abbrev-1.1.1.tgz",
      "integrity": "sha512-nne9/IiQ/hzIhY6pdDnbBtz7DjPTKrY00P/zvPSm5pOFkl6xuGrGnXn/VtTNNfNtAfZ9/1RtehkszU9qcTii0Q=="
    },
    "align-text": {
      "version": "0.1.4",
      "resolved": "https://registry.npmjs.org/align-text/-/align-text-0.1.4.tgz",
      "integrity": "sha1-DNkKVhCT810KmSVsIrcGlDP60Rc=",
      "requires": {
        "kind-of": "^3.0.2",
        "longest": "^1.0.1",
        "repeat-string": "^1.5.2"
      }
    },
    "amdefine": {
      "version": "1.0.1",
      "resolved": "https://registry.npmjs.org/amdefine/-/amdefine-1.0.1.tgz",
      "integrity": "sha1-SlKCrBZHKek2Gbz9OtFR+BfOkfU="
    },
    "ansi-regex": {
      "version": "0.2.1",
      "resolved": "https://registry.npmjs.org/ansi-regex/-/ansi-regex-0.2.1.tgz",
      "integrity": "sha1-DY6UaWej2BQ/k+JOKYUl/BsiNfk="
    },
    "ansi-styles": {
      "version": "1.0.0",
      "resolved": "https://registry.npmjs.org/ansi-styles/-/ansi-styles-1.0.0.tgz",
      "integrity": "sha1-yxAt8cVvUSPquLZ817mAJ6AnkXg="
    },
    "argparse": {
      "version": "0.1.16",
      "resolved": "https://registry.npmjs.org/argparse/-/argparse-0.1.16.tgz",
      "integrity": "sha1-z9AeD7uj1srtBJ+9dY1A9lGW9Xw=",
      "requires": {
        "underscore": "~1.7.0",
        "underscore.string": "~2.4.0"
      },
      "dependencies": {
        "underscore.string": {
          "version": "2.4.0",
          "resolved": "https://registry.npmjs.org/underscore.string/-/underscore.string-2.4.0.tgz",
          "integrity": "sha1-jN2PusTi0uoefi6Al8QvRCKA+Fs="
        }
      }
    },
    "async": {
      "version": "0.1.22",
      "resolved": "https://registry.npmjs.org/async/-/async-0.1.22.tgz",
      "integrity": "sha1-D8GqoIig4+8Ovi2IMbqw3PiEUGE="
    },
    "autoprefixer": {
      "version": "1.3.1",
      "resolved": "https://registry.npmjs.org/autoprefixer/-/autoprefixer-1.3.1.tgz",
      "integrity": "sha1-vXMbVY2qu/RVanT3V2b554EC/vs=",
      "requires": {
        "caniuse-db": "1.0.20140618 - 2",
        "fs-extra": "~0.9.1",
        "postcss": "~0.3.5"
      }
    },
    "base64-js": {
      "version": "0.0.8",
      "resolved": "https://registry.npmjs.org/base64-js/-/base64-js-0.0.8.tgz",
      "integrity": "sha1-EQHpVE9KdrG8OybUUsqW16NeeXg="
    },
    "browserify-zlib": {
      "version": "0.1.4",
      "resolved": "https://registry.npmjs.org/browserify-zlib/-/browserify-zlib-0.1.4.tgz",
      "integrity": "sha1-uzX4pRn2AOD6a4SFJByXnQFB+y0=",
      "requires": {
        "pako": "~0.2.0"
      }
    },
    "buffer-from": {
      "version": "1.1.1",
      "resolved": "https://registry.npmjs.org/buffer-from/-/buffer-from-1.1.1.tgz",
      "integrity": "sha512-MQcXEUbCKtEo7bhqEs6560Hyd4XaovZlO/k9V3hjVUF/zwW7KBVdSK4gIt/bzwS9MbR5qob+F5jusZsb0YQK2A=="
    },
    "camelcase": {
      "version": "1.2.1",
      "resolved": "https://registry.npmjs.org/camelcase/-/camelcase-1.2.1.tgz",
      "integrity": "sha1-m7UwTS4LVmmLLHWLCKPqqdqlijk="
    },
    "caniuse-db": {
      "version": "1.0.30000957",
      "resolved": "https://registry.npmjs.org/caniuse-db/-/caniuse-db-1.0.30000957.tgz",
      "integrity": "sha512-13rVZZO/75kPKJhJsi86lPUme7zlvfGDnnvSYx3TA+kYQxLtGywth5+81pyVZDjUfYyzatwA/yjv6DNsh66gmQ=="
    },
    "center-align": {
      "version": "0.1.3",
      "resolved": "https://registry.npmjs.org/center-align/-/center-align-0.1.3.tgz",
      "integrity": "sha1-qg0yYptu6XIgBBHL1EYckHvCt60=",
      "requires": {
        "align-text": "^0.1.3",
        "lazy-cache": "^1.0.3"
      }
    },
    "chalk": {
      "version": "0.4.0",
      "resolved": "https://registry.npmjs.org/chalk/-/chalk-0.4.0.tgz",
      "integrity": "sha1-UZmj3c0MHv4jvAjBsCewYXbgxk8=",
      "requires": {
        "ansi-styles": "~1.0.0",
        "has-color": "~0.1.0",
        "strip-ansi": "~0.1.0"
      }
    },
    "chart.js": {
      "version": "2.8.0",
      "resolved": "https://registry.npmjs.org/chart.js/-/chart.js-2.8.0.tgz",
      "integrity": "sha512-Di3wUL4BFvqI5FB5K26aQ+hvWh8wnP9A3DWGvXHVkO13D3DSnaSsdZx29cXlEsYKVkn1E2az+ZYFS4t0zi8x0w==",
      "requires": {
        "chartjs-color": "^2.1.0",
        "moment": "^2.10.2"
      }
    },
    "chartjs-color": {
      "version": "2.3.0",
      "resolved": "https://registry.npmjs.org/chartjs-color/-/chartjs-color-2.3.0.tgz",
      "integrity": "sha512-hEvVheqczsoHD+fZ+tfPUE+1+RbV6b+eksp2LwAhwRTVXEjCSEavvk+Hg3H6SZfGlPh/UfmWKGIvZbtobOEm3g==",
      "requires": {
        "chartjs-color-string": "^0.6.0",
        "color-convert": "^0.5.3"
      }
    },
    "chartjs-color-string": {
      "version": "0.6.0",
      "resolved": "https://registry.npmjs.org/chartjs-color-string/-/chartjs-color-string-0.6.0.tgz",
      "integrity": "sha512-TIB5OKn1hPJvO7JcteW4WY/63v6KwEdt6udfnDE9iCAZgy+V4SrbSxoIbTw/xkUIapjEI4ExGtD0+6D3KyFd7A==",
      "requires": {
        "color-name": "^1.0.0"
      }
    },
    "cli": {
      "version": "0.6.6",
      "resolved": "https://registry.npmjs.org/cli/-/cli-0.6.6.tgz",
      "integrity": "sha1-Aq1Eo4Cr8nraxebwzdewQ9dMU+M=",
      "requires": {
        "exit": "0.1.2",
        "glob": "~ 3.2.1"
      },
      "dependencies": {
        "glob": {
          "version": "3.2.11",
          "resolved": "https://registry.npmjs.org/glob/-/glob-3.2.11.tgz",
          "integrity": "sha1-Spc/Y1uRkPcV0QmH1cAP0oFevj0=",
          "requires": {
            "inherits": "2",
            "minimatch": "0.3"
          }
        },
        "minimatch": {
          "version": "0.3.0",
          "resolved": "https://registry.npmjs.org/minimatch/-/minimatch-0.3.0.tgz",
          "integrity": "sha1-J12O2qxPG7MyZHIInnlJyDlGmd0=",
          "requires": {
            "lru-cache": "2",
            "sigmund": "~1.0.0"
          }
        }
      }
    },
    "cliui": {
      "version": "2.1.0",
      "resolved": "https://registry.npmjs.org/cliui/-/cliui-2.1.0.tgz",
      "integrity": "sha1-S0dXYP+AJkx2LDoXGQMukcf+oNE=",
      "requires": {
        "center-align": "^0.1.1",
        "right-align": "^0.1.1",
        "wordwrap": "0.0.2"
      }
    },
    "coffee-script": {
      "version": "1.3.3",
      "resolved": "https://registry.npmjs.org/coffee-script/-/coffee-script-1.3.3.tgz",
      "integrity": "sha1-FQ1rTLUiiUNp7+1qIQHCC8f0pPQ="
    },
    "color-convert": {
      "version": "0.5.3",
      "resolved": "https://registry.npmjs.org/color-convert/-/color-convert-0.5.3.tgz",
      "integrity": "sha1-vbbGnOZg+t/+CwAHzER+G59ygr0="
    },
    "color-name": {
      "version": "1.1.4",
      "resolved": "https://registry.npmjs.org/color-name/-/color-name-1.1.4.tgz",
      "integrity": "sha512-dOy+3AuW3a2wNbZHIuMZpTcgjGuLU/uBL/ubcZF9OXbDo8ff4O8yVp5Bf0efS8uEoYo5q4Fx7dY9OgQGXgAsQA=="
    },
    "colors": {
      "version": "0.6.2",
      "resolved": "https://registry.npmjs.org/colors/-/colors-0.6.2.tgz",
      "integrity": "sha1-JCP+ZnisDF2uiFLl0OW+CMmXq8w="
    },
    "concat-stream": {
      "version": "1.6.2",
      "resolved": "https://registry.npmjs.org/concat-stream/-/concat-stream-1.6.2.tgz",
      "integrity": "sha512-27HBghJxjiZtIk3Ycvn/4kbJk/1uZuJFfuPEns6LaEvpvG1f0hTea8lilrouyo9mVc2GWdcEZ8OLoGmSADlrCw==",
      "requires": {
        "buffer-from": "^1.0.0",
        "inherits": "^2.0.3",
        "readable-stream": "^2.2.2",
        "typedarray": "^0.0.6"
      },
      "dependencies": {
        "isarray": {
          "version": "1.0.0",
          "resolved": "https://registry.npmjs.org/isarray/-/isarray-1.0.0.tgz",
          "integrity": "sha1-u5NdSFgsuhaMBoNJV6VKPgcSTxE="
        },
        "readable-stream": {
          "version": "2.3.6",
          "resolved": "https://registry.npmjs.org/readable-stream/-/readable-stream-2.3.6.tgz",
          "integrity": "sha512-tQtKA9WIAhBF3+VLAseyMqZeBjW0AHJoxOtYqSUZNJxauErmLbVm2FW1y+J/YA9dUrAC39ITejlZWhVIwawkKw==",
          "requires": {
            "core-util-is": "~1.0.0",
            "inherits": "~2.0.3",
            "isarray": "~1.0.0",
            "process-nextick-args": "~2.0.0",
            "safe-buffer": "~5.1.1",
            "string_decoder": "~1.1.1",
            "util-deprecate": "~1.0.1"
          }
        },
        "string_decoder": {
          "version": "1.1.1",
          "resolved": "https://registry.npmjs.org/string_decoder/-/string_decoder-1.1.1.tgz",
          "integrity": "sha512-n/ShnvDi6FHbbVfviro+WojiFzv+s8MPMHBczVePfUpDJLwoLT0ht1l4YwBCbi8pJAveEEdnkHyPyTP/mzRfwg==",
          "requires": {
            "safe-buffer": "~5.1.0"
          }
        }
      }
    },
    "console-browserify": {
      "version": "1.1.0",
      "resolved": "https://registry.npmjs.org/console-browserify/-/console-browserify-1.1.0.tgz",
      "integrity": "sha1-8CQcRXMKn8YyOyBtvzjtx0HQuxA=",
      "requires": {
        "date-now": "^0.1.4"
      }
    },
    "core-util-is": {
      "version": "1.0.2",
      "resolved": "https://registry.npmjs.org/core-util-is/-/core-util-is-1.0.2.tgz",
      "integrity": "sha1-tf1UIgqivFq1eqtxQMlAdUUDwac="
    },
    "dargs": {
      "version": "0.1.0",
      "resolved": "https://registry.npmjs.org/dargs/-/dargs-0.1.0.tgz",
      "integrity": "sha1-I2Stn0Qfl23NX+mWHiFxVmWl48M="
    },
    "date-now": {
      "version": "0.1.4",
      "resolved": "https://registry.npmjs.org/date-now/-/date-now-0.1.4.tgz",
      "integrity": "sha1-6vQ5/U1ISK105cx9vvIAZyueNFs="
    },
    "dateformat": {
      "version": "1.0.2-1.2.3",
      "resolved": "https://registry.npmjs.org/dateformat/-/dateformat-1.0.2-1.2.3.tgz",
      "integrity": "sha1-sCIMAt6YYXQztyhRz0fePfLNvuk="
    },
    "debug": {
      "version": "0.7.4",
      "resolved": "https://registry.npmjs.org/debug/-/debug-0.7.4.tgz",
      "integrity": "sha1-BuHqgILCyxTjmAbiLi9vdX+Srzk="
    },
    "decamelize": {
      "version": "1.2.0",
      "resolved": "https://registry.npmjs.org/decamelize/-/decamelize-1.2.0.tgz",
      "integrity": "sha1-9lNNFRSCabIDUue+4m9QH5oZEpA="
    },
    "diff": {
      "version": "1.0.8",
      "resolved": "https://registry.npmjs.org/diff/-/diff-1.0.8.tgz",
      "integrity": "sha1-NDJ2MI7Jkbe8giZ+1VvBQR+XFmY="
    },
    "dom-serializer": {
      "version": "0.1.1",
      "resolved": "https://registry.npmjs.org/dom-serializer/-/dom-serializer-0.1.1.tgz",
      "integrity": "sha512-l0IU0pPzLWSHBcieZbpOKgkIn3ts3vAh7ZuFyXNwJxJXk/c4Gwj9xaTJwIDVQCXawWD0qb3IzMGH5rglQaO0XA==",
      "requires": {
        "domelementtype": "^1.3.0",
        "entities": "^1.1.1"
      },
      "dependencies": {
        "entities": {
          "version": "1.1.2",
          "resolved": "https://registry.npmjs.org/entities/-/entities-1.1.2.tgz",
          "integrity": "sha512-f2LZMYl1Fzu7YSBKg+RoROelpOaNrcGmE9AZubeDfrCEia483oW4MI4VyFd5VNHIgQ/7qm1I0wUHK1eJnn2y2w=="
        }
      }
    },
    "domelementtype": {
      "version": "1.3.1",
      "resolved": "https://registry.npmjs.org/domelementtype/-/domelementtype-1.3.1.tgz",
      "integrity": "sha512-BSKB+TSpMpFI/HOxCNr1O8aMOTZ8hT3pM3GQ0w/mWRmkhEDSFJkkyzz4XQsBV44BChwGkrDfMyjVD0eA2aFV3w=="
    },
    "domhandler": {
      "version": "2.3.0",
      "resolved": "https://registry.npmjs.org/domhandler/-/domhandler-2.3.0.tgz",
      "integrity": "sha1-LeWaCCLVAn+r/28DLCsloqir5zg=",
      "requires": {
        "domelementtype": "1"
      }
    },
    "domutils": {
      "version": "1.5.1",
      "resolved": "https://registry.npmjs.org/domutils/-/domutils-1.5.1.tgz",
      "integrity": "sha1-3NhIiib1Y9YQeeSMn3t+Mjc2gs8=",
      "requires": {
        "dom-serializer": "0",
        "domelementtype": "1"
      }
    },
    "entities": {
      "version": "1.0.0",
      "resolved": "https://registry.npmjs.org/entities/-/entities-1.0.0.tgz",
      "integrity": "sha1-sph6o4ITR/zeZCsk/fyeT7cSvyY="
    },
    "escape-string-regexp": {
      "version": "1.0.5",
      "resolved": "https://registry.npmjs.org/escape-string-regexp/-/escape-string-regexp-1.0.5.tgz",
      "integrity": "sha1-G2HAViGQqN/2rjuyzwIAyhMLhtQ="
    },
    "esprima": {
      "version": "1.0.4",
      "resolved": "https://registry.npmjs.org/esprima/-/esprima-1.0.4.tgz",
      "integrity": "sha1-n1V+CPw7TSbs6d00+Pv0drYlha0="
    },
    "eventemitter2": {
      "version": "0.4.14",
      "resolved": "https://registry.npmjs.org/eventemitter2/-/eventemitter2-0.4.14.tgz",
      "integrity": "sha1-j2G3XN4BKy6esoTUVFWDtWQ7Yas="
    },
    "exit": {
      "version": "0.1.2",
      "resolved": "https://registry.npmjs.org/exit/-/exit-0.1.2.tgz",
      "integrity": "sha1-BjJjj42HfMghB9MKD/8aF8uhzQw="
    },
    "faye-websocket": {
      "version": "0.4.4",
      "resolved": "https://registry.npmjs.org/faye-websocket/-/faye-websocket-0.4.4.tgz",
      "integrity": "sha1-wUxbO/FNdBf/v9mQwKdJXNnzN7w="
    },
    "figures": {
      "version": "1.7.0",
      "resolved": "https://registry.npmjs.org/figures/-/figures-1.7.0.tgz",
      "integrity": "sha1-y+Hjr/zxzUS4DK3+0o3Hk6lwHS4=",
      "requires": {
        "escape-string-regexp": "^1.0.5",
        "object-assign": "^4.1.0"
      }
    },
    "findup-sync": {
      "version": "0.1.3",
      "resolved": "https://registry.npmjs.org/findup-sync/-/findup-sync-0.1.3.tgz",
      "integrity": "sha1-fz56l7gjksZTvwZYm9hRkOk8NoM=",
      "requires": {
        "glob": "~3.2.9",
        "lodash": "~2.4.1"
      },
      "dependencies": {
        "glob": {
          "version": "3.2.11",
          "resolved": "https://registry.npmjs.org/glob/-/glob-3.2.11.tgz",
          "integrity": "sha1-Spc/Y1uRkPcV0QmH1cAP0oFevj0=",
          "requires": {
            "inherits": "2",
            "minimatch": "0.3"
          }
        },
        "lodash": {
          "version": "2.4.2",
          "resolved": "https://registry.npmjs.org/lodash/-/lodash-2.4.2.tgz",
          "integrity": "sha1-+t2DS5aDBz2hebPq5tnA0VBT9z4="
        },
        "minimatch": {
          "version": "0.3.0",
          "resolved": "https://registry.npmjs.org/minimatch/-/minimatch-0.3.0.tgz",
          "integrity": "sha1-J12O2qxPG7MyZHIInnlJyDlGmd0=",
          "requires": {
            "lru-cache": "2",
            "sigmund": "~1.0.0"
          }
        }
      }
    },
    "fs-extra": {
      "version": "0.9.1",
      "resolved": "https://registry.npmjs.org/fs-extra/-/fs-extra-0.9.1.tgz",
      "integrity": "sha1-h9v8ATg6jdzn2dVJbzYIVkiJ8VY=",
      "requires": {
        "jsonfile": "~1.1.0",
        "mkdirp": "^0.5.0",
        "ncp": "^0.5.1",
        "rimraf": "^2.2.8"
      }
    },
    "gaze": {
      "version": "0.5.2",
      "resolved": "https://registry.npmjs.org/gaze/-/gaze-0.5.2.tgz",
      "integrity": "sha1-QLcJU30k0dRXZ9takIaJ3+aaxE8=",
      "requires": {
        "globule": "~0.1.0"
      }
    },
    "getobject": {
      "version": "0.1.0",
      "resolved": "https://registry.npmjs.org/getobject/-/getobject-0.1.0.tgz",
      "integrity": "sha1-BHpEl4n6Fg0Bj1SG7ZEyC27HiFw="
    },
    "glob": {
      "version": "3.1.21",
      "resolved": "https://registry.npmjs.org/glob/-/glob-3.1.21.tgz",
      "integrity": "sha1-0p4KBV3qUTj00H7UDomC6DwgZs0=",
      "requires": {
        "graceful-fs": "~1.2.0",
        "inherits": "1",
        "minimatch": "~0.2.11"
      },
      "dependencies": {
        "inherits": {
          "version": "1.0.2",
          "resolved": "https://registry.npmjs.org/inherits/-/inherits-1.0.2.tgz",
          "integrity": "sha1-ykMJ2t7mtUzAuNJH6NfHoJdb3Js="
        }
      }
    },
    "globule": {
      "version": "0.1.0",
      "resolved": "https://registry.npmjs.org/globule/-/globule-0.1.0.tgz",
      "integrity": "sha1-2cjt3h2nnRJaFRt5UzuXhnY0auU=",
      "requires": {
        "glob": "~3.1.21",
        "lodash": "~1.0.1",
        "minimatch": "~0.2.11"
      },
      "dependencies": {
        "lodash": {
          "version": "1.0.2",
          "resolved": "https://registry.npmjs.org/lodash/-/lodash-1.0.2.tgz",
          "integrity": "sha1-j1dWDIO1n8JwvT1WG2kAQ0MOJVE="
        }
      }
    },
    "graceful-fs": {
      "version": "1.2.3",
      "resolved": "https://registry.npmjs.org/graceful-fs/-/graceful-fs-1.2.3.tgz",
      "integrity": "sha1-FaSAaldUfLLS2/J/QuiajDRRs2Q="
    },
    "grunt": {
      "version": "0.4.5",
      "resolved": "https://registry.npmjs.org/grunt/-/grunt-0.4.5.tgz",
      "integrity": "sha1-VpN81RlDJK3/bSB2MYMqnWuk5/A=",
      "requires": {
        "async": "~0.1.22",
        "coffee-script": "~1.3.3",
        "colors": "~0.6.2",
        "dateformat": "1.0.2-1.2.3",
        "eventemitter2": "~0.4.13",
        "exit": "~0.1.1",
        "findup-sync": "~0.1.2",
        "getobject": "~0.1.0",
        "glob": "~3.1.21",
        "grunt-legacy-log": "~0.1.0",
        "grunt-legacy-util": "~0.2.0",
        "hooker": "~0.2.3",
        "iconv-lite": "~0.2.11",
        "js-yaml": "~2.0.5",
        "lodash": "~0.9.2",
        "minimatch": "~0.2.12",
        "nopt": "~1.0.10",
        "rimraf": "~2.2.8",
        "underscore.string": "~2.2.1",
        "which": "~1.0.5"
      }
    },
    "grunt-autoprefixer": {
      "version": "0.7.6",
      "resolved": "https://registry.npmjs.org/grunt-autoprefixer/-/grunt-autoprefixer-0.7.6.tgz",
      "integrity": "sha1-NDYJp+96gtigYd5tli9VUhWrkfk=",
      "requires": {
        "autoprefixer": "~1.3.1",
        "chalk": "~0.4.0",
        "diff": "~1.0.8"
      }
    },
    "grunt-contrib-copy": {
      "version": "0.5.0",
      "resolved": "https://registry.npmjs.org/grunt-contrib-copy/-/grunt-contrib-copy-0.5.0.tgz",
      "integrity": "sha1-QQB1rEWlhWuhkbHMclclRQ1KAhU="
    },
    "grunt-contrib-jshint": {
      "version": "0.10.0",
      "resolved": "https://registry.npmjs.org/grunt-contrib-jshint/-/grunt-contrib-jshint-0.10.0.tgz",
      "integrity": "sha1-V+vMyofo8yevZkXYo8WG1IReTYE=",
      "requires": {
        "hooker": "~0.2.3",
        "jshint": "~2.5.0"
      }
    },
    "grunt-contrib-sass": {
      "version": "0.7.4",
      "resolved": "https://registry.npmjs.org/grunt-contrib-sass/-/grunt-contrib-sass-0.7.4.tgz",
      "integrity": "sha1-HeD3w7xA8VJU4TV3e18JTJIelWQ=",
      "requires": {
        "async": "^0.9.0",
        "chalk": "^0.5.1",
        "dargs": "^0.1.0",
        "which": "^1.0.5",
        "win-spawn": "^2.0.0"
      },
      "dependencies": {
        "ansi-styles": {
          "version": "1.1.0",
          "resolved": "https://registry.npmjs.org/ansi-styles/-/ansi-styles-1.1.0.tgz",
          "integrity": "sha1-6uy/Zs1waIJ2Cy9GkVgrj1XXp94="
        },
        "async": {
          "version": "0.9.2",
          "resolved": "https://registry.npmjs.org/async/-/async-0.9.2.tgz",
          "integrity": "sha1-rqdNXmHB+JlhO/ZL2mbUx48v0X0="
        },
        "chalk": {
          "version": "0.5.1",
          "resolved": "https://registry.npmjs.org/chalk/-/chalk-0.5.1.tgz",
          "integrity": "sha1-Zjs6ZItotV0EaQ1JFnqoN4WPIXQ=",
          "requires": {
            "ansi-styles": "^1.1.0",
            "escape-string-regexp": "^1.0.0",
            "has-ansi": "^0.1.0",
            "strip-ansi": "^0.3.0",
            "supports-color": "^0.2.0"
          }
        },
        "strip-ansi": {
          "version": "0.3.0",
          "resolved": "https://registry.npmjs.org/strip-ansi/-/strip-ansi-0.3.0.tgz",
          "integrity": "sha1-JfSOoiynkYfzF0pNuHWTR7sSYiA=",
          "requires": {
            "ansi-regex": "^0.2.1"
          }
        }
      }
    },
    "grunt-contrib-uglify": {
      "version": "0.5.1",
      "resolved": "https://registry.npmjs.org/grunt-contrib-uglify/-/grunt-contrib-uglify-0.5.1.tgz",
      "integrity": "sha1-FfCqXo6LpCGuqYCHnuUFvHErbN4=",
      "requires": {
        "chalk": "^0.5.1",
        "lodash": "^2.4.1",
        "maxmin": "^0.2.0",
        "uglify-js": "^2.4.0"
      },
      "dependencies": {
        "ansi-styles": {
          "version": "1.1.0",
          "resolved": "https://registry.npmjs.org/ansi-styles/-/ansi-styles-1.1.0.tgz",
          "integrity": "sha1-6uy/Zs1waIJ2Cy9GkVgrj1XXp94="
        },
        "chalk": {
          "version": "0.5.1",
          "resolved": "https://registry.npmjs.org/chalk/-/chalk-0.5.1.tgz",
          "integrity": "sha1-Zjs6ZItotV0EaQ1JFnqoN4WPIXQ=",
          "requires": {
            "ansi-styles": "^1.1.0",
            "escape-string-regexp": "^1.0.0",
            "has-ansi": "^0.1.0",
            "strip-ansi": "^0.3.0",
            "supports-color": "^0.2.0"
          }
        },
        "lodash": {
          "version": "2.4.2",
          "resolved": "https://registry.npmjs.org/lodash/-/lodash-2.4.2.tgz",
          "integrity": "sha1-+t2DS5aDBz2hebPq5tnA0VBT9z4="
        },
        "strip-ansi": {
          "version": "0.3.0",
          "resolved": "https://registry.npmjs.org/strip-ansi/-/strip-ansi-0.3.0.tgz",
          "integrity": "sha1-JfSOoiynkYfzF0pNuHWTR7sSYiA=",
          "requires": {
            "ansi-regex": "^0.2.1"
          }
        }
      }
    },
    "grunt-contrib-watch": {
      "version": "0.6.1",
      "resolved": "https://registry.npmjs.org/grunt-contrib-watch/-/grunt-contrib-watch-0.6.1.tgz",
      "integrity": "sha1-ZP3LolpjX1tNobbOb5DaCutuPxU=",
      "requires": {
        "async": "~0.2.9",
        "gaze": "~0.5.1",
        "lodash": "~2.4.1",
        "tiny-lr-fork": "0.0.5"
      },
      "dependencies": {
        "async": {
          "version": "0.2.10",
          "resolved": "https://registry.npmjs.org/async/-/async-0.2.10.tgz",
          "integrity": "sha1-trvgsGdLnXGXCMo43owjfLUmw9E="
        },
        "lodash": {
          "version": "2.4.2",
          "resolved": "https://registry.npmjs.org/lodash/-/lodash-2.4.2.tgz",
          "integrity": "sha1-+t2DS5aDBz2hebPq5tnA0VBT9z4="
        }
      }
    },
    "grunt-legacy-log": {
      "version": "0.1.3",
      "resolved": "https://registry.npmjs.org/grunt-legacy-log/-/grunt-legacy-log-0.1.3.tgz",
      "integrity": "sha1-7ClCboAwIa9ZAp+H0vnNczWgVTE=",
      "requires": {
        "colors": "~0.6.2",
        "grunt-legacy-log-utils": "~0.1.1",
        "hooker": "~0.2.3",
        "lodash": "~2.4.1",
        "underscore.string": "~2.3.3"
      },
      "dependencies": {
        "lodash": {
          "version": "2.4.2",
          "resolved": "https://registry.npmjs.org/lodash/-/lodash-2.4.2.tgz",
          "integrity": "sha1-+t2DS5aDBz2hebPq5tnA0VBT9z4="
        },
        "underscore.string": {
          "version": "2.3.3",
          "resolved": "https://registry.npmjs.org/underscore.string/-/underscore.string-2.3.3.tgz",
          "integrity": "sha1-ccCL9rQosRM/N+ePo6Icgvcymw0="
        }
      }
    },
    "grunt-legacy-log-utils": {
      "version": "0.1.1",
      "resolved": "https://registry.npmjs.org/grunt-legacy-log-utils/-/grunt-legacy-log-utils-0.1.1.tgz",
      "integrity": "sha1-wHBrndkGThFvNvI/5OawSGcsD34=",
      "requires": {
        "colors": "~0.6.2",
        "lodash": "~2.4.1",
        "underscore.string": "~2.3.3"
      },
      "dependencies": {
        "lodash": {
          "version": "2.4.2",
          "resolved": "https://registry.npmjs.org/lodash/-/lodash-2.4.2.tgz",
          "integrity": "sha1-+t2DS5aDBz2hebPq5tnA0VBT9z4="
        },
        "underscore.string": {
          "version": "2.3.3",
          "resolved": "https://registry.npmjs.org/underscore.string/-/underscore.string-2.3.3.tgz",
          "integrity": "sha1-ccCL9rQosRM/N+ePo6Icgvcymw0="
        }
      }
    },
    "grunt-legacy-util": {
      "version": "0.2.0",
      "resolved": "https://registry.npmjs.org/grunt-legacy-util/-/grunt-legacy-util-0.2.0.tgz",
      "integrity": "sha1-kzJIhNv343qf98Am3/RR2UqeVUs=",
      "requires": {
        "async": "~0.1.22",
        "exit": "~0.1.1",
        "getobject": "~0.1.0",
        "hooker": "~0.2.3",
        "lodash": "~0.9.2",
        "underscore.string": "~2.2.1",
        "which": "~1.0.5"
      }
    },
    "gzip-size": {
      "version": "0.2.0",
      "resolved": "https://registry.npmjs.org/gzip-size/-/gzip-size-0.2.0.tgz",
      "integrity": "sha1-46KhkSBf5W7jJvXCcUNd+uz7Phw=",
      "requires": {
        "browserify-zlib": "^0.1.4",
        "concat-stream": "^1.4.1"
      }
    },
    "has-ansi": {
      "version": "0.1.0",
      "resolved": "https://registry.npmjs.org/has-ansi/-/has-ansi-0.1.0.tgz",
      "integrity": "sha1-hPJlqujA5qiKEtcCKJS3VoiUxi4=",
      "requires": {
        "ansi-regex": "^0.2.0"
      }
    },
    "has-color": {
      "version": "0.1.7",
      "resolved": "https://registry.npmjs.org/has-color/-/has-color-0.1.7.tgz",
      "integrity": "sha1-ZxRKUmDDT8PMpnfQQdr1L+e3iy8="
    },
    "hooker": {
      "version": "0.2.3",
      "resolved": "https://registry.npmjs.org/hooker/-/hooker-0.2.3.tgz",
      "integrity": "sha1-uDT3I8xKJCqmWWNFnfbZhMXT2Vk="
    },
    "htmlparser2": {
      "version": "3.8.3",
      "resolved": "https://registry.npmjs.org/htmlparser2/-/htmlparser2-3.8.3.tgz",
      "integrity": "sha1-mWwosZFRaovoZQGn15dX5ccMEGg=",
      "requires": {
        "domelementtype": "1",
        "domhandler": "2.3",
        "domutils": "1.5",
        "entities": "1.0",
        "readable-stream": "1.1"
      }
    },
    "iconv-lite": {
      "version": "0.2.11",
      "resolved": "https://registry.npmjs.org/iconv-lite/-/iconv-lite-0.2.11.tgz",
      "integrity": "sha1-HOYKOleGSiktEyH/RgnKS7llrcg="
    },
    "inherits": {
      "version": "2.0.3",
      "resolved": "https://registry.npmjs.org/inherits/-/inherits-2.0.3.tgz",
      "integrity": "sha1-Yzwsg+PaQqUC9SRmAiSA9CCCYd4="
    },
    "is-buffer": {
      "version": "1.1.6",
      "resolved": "https://registry.npmjs.org/is-buffer/-/is-buffer-1.1.6.tgz",
      "integrity": "sha512-NcdALwpXkTm5Zvvbk7owOUSvVvBKDgKP5/ewfXEznmQFfs4ZRmanOeKBTjRVjka3QFoN6XJ+9F3USqfHqTaU5w=="
    },
    "isarray": {
      "version": "0.0.1",
      "resolved": "https://registry.npmjs.org/isarray/-/isarray-0.0.1.tgz",
      "integrity": "sha1-ihis/Kmo9Bd+Cav8YDiTmwXR7t8="
    },
    "jquery": {
      "version": "3.4.0",
      "resolved": "https://registry.npmjs.org/jquery/-/jquery-3.4.0.tgz",
      "integrity": "sha512-ggRCXln9zEqv6OqAGXFEcshF5dSBvCkzj6Gm2gzuR5fWawaX8t7cxKVkkygKODrDAzKdoYw3l/e3pm3vlT4IbQ=="
    },
    "jquery.switcher": {
      "version": "1.2.3",
      "resolved": "https://registry.npmjs.org/jquery.switcher/-/jquery.switcher-1.2.3.tgz",
      "integrity": "sha1-b5t4Ax5XImLBOPP+rP8WWoISU34=",
      "requires": {
        "grunt": "~0.4.5",
        "grunt-autoprefixer": "~0.7.6",
        "grunt-contrib-copy": "~0.5.0",
        "grunt-contrib-jshint": "~0.10.0",
        "grunt-contrib-sass": "~0.7.3",
        "grunt-contrib-uglify": "~0.5.0",
        "grunt-contrib-watch": "~0.6.1",
        "matchdep": "~0.3.0"
      }
    },
    "js-yaml": {
      "version": "2.0.5",
      "resolved": "https://registry.npmjs.org/js-yaml/-/js-yaml-2.0.5.tgz",
      "integrity": "sha1-olrmUJmZ6X3yeMZxnaEb0Gh3Q6g=",
      "requires": {
        "argparse": "~ 0.1.11",
        "esprima": "~ 1.0.2"
      }
    },
    "jshint": {
      "version": "2.5.11",
      "resolved": "https://registry.npmjs.org/jshint/-/jshint-2.5.11.tgz",
      "integrity": "sha1-4tlYWLuxqngwAQii6BCZ+wlWIuA=",
      "requires": {
        "cli": "0.6.x",
        "console-browserify": "1.1.x",
        "exit": "0.1.x",
        "htmlparser2": "3.8.x",
        "minimatch": "1.0.x",
        "shelljs": "0.3.x",
        "strip-json-comments": "1.0.x",
        "underscore": "1.6.x"
      },
      "dependencies": {
        "minimatch": {
          "version": "1.0.0",
          "resolved": "https://registry.npmjs.org/minimatch/-/minimatch-1.0.0.tgz",
          "integrity": "sha1-4N0hILSeG3JM6NcUxSCCKpQ4V20=",
          "requires": {
            "lru-cache": "2",
            "sigmund": "~1.0.0"
          }
        },
        "underscore": {
          "version": "1.6.0",
          "resolved": "https://registry.npmjs.org/underscore/-/underscore-1.6.0.tgz",
          "integrity": "sha1-izixDKze9jM3uLJOT/htRa6lKag="
        }
      }
    },
    "jsonfile": {
      "version": "1.1.1",
      "resolved": "https://registry.npmjs.org/jsonfile/-/jsonfile-1.1.1.tgz",
      "integrity": "sha1-2k/WrXfxolUgPqY8e8Mtwx72RDM="
    },
    "kind-of": {
      "version": "3.2.2",
      "resolved": "https://registry.npmjs.org/kind-of/-/kind-of-3.2.2.tgz",
      "integrity": "sha1-MeohpzS6ubuw8yRm2JOupR5KPGQ=",
      "requires": {
        "is-buffer": "^1.1.5"
      }
    },
    "lazy-cache": {
      "version": "1.0.4",
      "resolved": "https://registry.npmjs.org/lazy-cache/-/lazy-cache-1.0.4.tgz",
      "integrity": "sha1-odePw6UEdMuAhF07O24dpJpEbo4="
    },
    "lodash": {
      "version": "0.9.2",
      "resolved": "https://registry.npmjs.org/lodash/-/lodash-0.9.2.tgz",
      "integrity": "sha1-jzSZxSRdNG1oLlsNO0B2fgnxqSw="
    },
    "longest": {
      "version": "1.0.1",
      "resolved": "https://registry.npmjs.org/longest/-/longest-1.0.1.tgz",
      "integrity": "sha1-MKCy2jj3N3DoKUoNIuZiXtd9AJc="
    },
    "lru-cache": {
      "version": "2.7.3",
      "resolved": "https://registry.npmjs.org/lru-cache/-/lru-cache-2.7.3.tgz",
      "integrity": "sha1-bUUk6LlV+V1PW1iFHOId1y+06VI="
    },
    "matchdep": {
      "version": "0.3.0",
      "resolved": "https://registry.npmjs.org/matchdep/-/matchdep-0.3.0.tgz",
      "integrity": "sha1-Qo5knOXCgY0iDgRj7/XA3p5Z1S4=",
      "requires": {
        "findup-sync": "~0.1.2",
        "globule": "~0.1.0",
        "resolve": "~0.5.1",
        "stack-trace": "0.0.7"
      }
    },
    "maxmin": {
      "version": "0.2.2",
      "resolved": "https://registry.npmjs.org/maxmin/-/maxmin-0.2.2.tgz",
      "integrity": "sha1-o2ztjMIuOrzRCM+3l6OktAJ1WT8=",
      "requires": {
        "chalk": "^0.5.0",
        "figures": "^1.0.1",
        "gzip-size": "^0.2.0",
        "pretty-bytes": "^0.1.0"
      },
      "dependencies": {
        "ansi-styles": {
          "version": "1.1.0",
          "resolved": "https://registry.npmjs.org/ansi-styles/-/ansi-styles-1.1.0.tgz",
          "integrity": "sha1-6uy/Zs1waIJ2Cy9GkVgrj1XXp94="
        },
        "chalk": {
          "version": "0.5.1",
          "resolved": "https://registry.npmjs.org/chalk/-/chalk-0.5.1.tgz",
          "integrity": "sha1-Zjs6ZItotV0EaQ1JFnqoN4WPIXQ=",
          "requires": {
            "ansi-styles": "^1.1.0",
            "escape-string-regexp": "^1.0.0",
            "has-ansi": "^0.1.0",
            "strip-ansi": "^0.3.0",
            "supports-color": "^0.2.0"
          }
        },
        "strip-ansi": {
          "version": "0.3.0",
          "resolved": "https://registry.npmjs.org/strip-ansi/-/strip-ansi-0.3.0.tgz",
          "integrity": "sha1-JfSOoiynkYfzF0pNuHWTR7sSYiA=",
          "requires": {
            "ansi-regex": "^0.2.1"
          }
        }
      }
    },
    "minimatch": {
      "version": "0.2.14",
      "resolved": "https://registry.npmjs.org/minimatch/-/minimatch-0.2.14.tgz",
      "integrity": "sha1-x054BXT2PG+aCQ6Q775u9TpqdWo=",
      "requires": {
        "lru-cache": "2",
        "sigmund": "~1.0.0"
      }
    },
    "minimist": {
      "version": "0.0.8",
      "resolved": "https://registry.npmjs.org/minimist/-/minimist-0.0.8.tgz",
      "integrity": "sha1-hX/Kv8M5fSYluCKCYuhqp6ARsF0="
    },
    "mkdirp": {
      "version": "0.5.1",
      "resolved": "https://registry.npmjs.org/mkdirp/-/mkdirp-0.5.1.tgz",
      "integrity": "sha1-MAV0OOrGz3+MR2fzhkjWaX11yQM=",
      "requires": {
        "minimist": "0.0.8"
      }
    },
    "moment": {
      "version": "2.24.0",
      "resolved": "https://registry.npmjs.org/moment/-/moment-2.24.0.tgz",
      "integrity": "sha512-bV7f+6l2QigeBBZSM/6yTNq4P2fNpSWj/0e7jQcy87A8e7o2nAfP/34/2ky5Vw4B9S446EtIhodAzkFCcR4dQg=="
    },
    "ncp": {
      "version": "0.5.1",
      "resolved": "https://registry.npmjs.org/ncp/-/ncp-0.5.1.tgz",
      "integrity": "sha1-dDmFMW49tFkoG1hxaehFc1oFQ58="
    },
    "nopt": {
      "version": "1.0.10",
      "resolved": "https://registry.npmjs.org/nopt/-/nopt-1.0.10.tgz",
      "integrity": "sha1-bd0hvSoxQXuScn3Vhfim83YI6+4=",
      "requires": {
        "abbrev": "1"
      }
    },
    "noptify": {
      "version": "0.0.3",
      "resolved": "https://registry.npmjs.org/noptify/-/noptify-0.0.3.tgz",
      "integrity": "sha1-WPZUpz2XU98MUdlobckhBKZ/S7s=",
      "requires": {
        "nopt": "~2.0.0"
      },
      "dependencies": {
        "nopt": {
          "version": "2.0.0",
          "resolved": "https://registry.npmjs.org/nopt/-/nopt-2.0.0.tgz",
          "integrity": "sha1-ynQW8gpeP5w7hhgPlilfo9C1Lg0=",
          "requires": {
            "abbrev": "1"
          }
        }
      }
    },
    "object-assign": {
      "version": "4.1.1",
      "resolved": "https://registry.npmjs.org/object-assign/-/object-assign-4.1.1.tgz",
      "integrity": "sha1-IQmtx5ZYh8/AXLvUQsrIv7s2CGM="
    },
    "pako": {
      "version": "0.2.9",
      "resolved": "https://registry.npmjs.org/pako/-/pako-0.2.9.tgz",
      "integrity": "sha1-8/dSL073gjSNqBYbrZ7P1Rv4OnU="
    },
    "postcss": {
      "version": "0.3.5",
      "resolved": "https://registry.npmjs.org/postcss/-/postcss-0.3.5.tgz",
      "integrity": "sha1-UHOj0GLvPOWSrEpf5rjChiq4POs=",
      "requires": {
        "base64-js": "~0.0.6",
        "source-map": "~0.1.33"
      }
    },
    "pretty-bytes": {
      "version": "0.1.2",
      "resolved": "https://registry.npmjs.org/pretty-bytes/-/pretty-bytes-0.1.2.tgz",
      "integrity": "sha1-zZApTVihyk6KXQ+5yCJZmIgazwA="
    },
    "process-nextick-args": {
      "version": "2.0.0",
      "resolved": "https://registry.npmjs.org/process-nextick-args/-/process-nextick-args-2.0.0.tgz",
      "integrity": "sha512-MtEC1TqN0EU5nephaJ4rAtThHtC86dNN9qCuEhtshvpVBkAW5ZO7BASN9REnF9eoXGcRub+pFuKEpOHE+HbEMw=="
    },
    "qs": {
      "version": "0.5.6",
      "resolved": "https://registry.npmjs.org/qs/-/qs-0.5.6.tgz",
      "integrity": "sha1-MbGtBYVnZRxSaSFQa5qHk5EaA4Q="
    },
    "readable-stream": {
      "version": "1.1.14",
      "resolved": "https://registry.npmjs.org/readable-stream/-/readable-stream-1.1.14.tgz",
      "integrity": "sha1-fPTFTvZI44EwhMY23SB54WbAgdk=",
      "requires": {
        "core-util-is": "~1.0.0",
        "inherits": "~2.0.1",
        "isarray": "0.0.1",
        "string_decoder": "~0.10.x"
      }
    },
    "repeat-string": {
      "version": "1.6.1",
      "resolved": "https://registry.npmjs.org/repeat-string/-/repeat-string-1.6.1.tgz",
      "integrity": "sha1-jcrkcOHIirwtYA//Sndihtp15jc="
    },
    "resolve": {
      "version": "0.5.1",
      "resolved": "https://registry.npmjs.org/resolve/-/resolve-0.5.1.tgz",
      "integrity": "sha1-FeSiIsQja81M+FRUQSwtD7ZSRXY="
    },
    "right-align": {
      "version": "0.1.3",
      "resolved": "https://registry.npmjs.org/right-align/-/right-align-0.1.3.tgz",
      "integrity": "sha1-YTObci/mo1FWiSENJOFMlhSGE+8=",
      "requires": {
        "align-text": "^0.1.1"
      }
    },
    "rimraf": {
      "version": "2.2.8",
      "resolved": "https://registry.npmjs.org/rimraf/-/rimraf-2.2.8.tgz",
      "integrity": "sha1-5Dm+Kq7jJzIZUnMPmaiSnk/FBYI="
    },
    "safe-buffer": {
      "version": "5.1.2",
      "resolved": "https://registry.npmjs.org/safe-buffer/-/safe-buffer-5.1.2.tgz",
      "integrity": "sha512-Gd2UZBJDkXlY7GbJxfsE8/nvKkUEU1G38c1siN6QP6a9PT9MmHB8GnpscSmMJSoF8LOIrt8ud/wPtojys4G6+g=="
    },
    "shelljs": {
      "version": "0.3.0",
      "resolved": "https://registry.npmjs.org/shelljs/-/shelljs-0.3.0.tgz",
      "integrity": "sha1-NZbmMHp4FUT1kfN9phg2DzHbV7E="
    },
    "sigmund": {
      "version": "1.0.1",
      "resolved": "https://registry.npmjs.org/sigmund/-/sigmund-1.0.1.tgz",
      "integrity": "sha1-P/IfGYytIXX587eBhT/ZTQ0ZtZA="
    },
    "source-map": {
      "version": "0.1.43",
      "resolved": "https://registry.npmjs.org/source-map/-/source-map-0.1.43.tgz",
      "integrity": "sha1-wkvBRspRfBRx9drL4lcbK3+eM0Y=",
      "requires": {
        "amdefine": ">=0.0.4"
      }
    },
    "stack-trace": {
      "version": "0.0.7",
      "resolved": "https://registry.npmjs.org/stack-trace/-/stack-trace-0.0.7.tgz",
      "integrity": "sha1-xy4Il0T8Nln1CM3ONiGvVjTsD/8="
    },
    "string_decoder": {
      "version": "0.10.31",
      "resolved": "https://registry.npmjs.org/string_decoder/-/string_decoder-0.10.31.tgz",
      "integrity": "sha1-YuIDvEF2bGwoyfyEMB2rHFMQ+pQ="
    },
    "strip-ansi": {
      "version": "0.1.1",
      "resolved": "https://registry.npmjs.org/strip-ansi/-/strip-ansi-0.1.1.tgz",
      "integrity": "sha1-OeipjQRNFQZgq+SmgIrPcLt7yZE="
    },
    "strip-json-comments": {
      "version": "1.0.4",
      "resolved": "https://registry.npmjs.org/strip-json-comments/-/strip-json-comments-1.0.4.tgz",
      "integrity": "sha1-HhX7ysl9Pumb8tc7TGVrCCu6+5E="
    },
    "supports-color": {
      "version": "0.2.0",
      "resolved": "https://registry.npmjs.org/supports-color/-/supports-color-0.2.0.tgz",
      "integrity": "sha1-2S3iaU6z9nMjlz1649i1W0wiGQo="
    },
    "tiny-lr-fork": {
      "version": "0.0.5",
      "resolved": "https://registry.npmjs.org/tiny-lr-fork/-/tiny-lr-fork-0.0.5.tgz",
      "integrity": "sha1-Hpnh4qhGm3NquX2X7vqYxx927Qo=",
      "requires": {
        "debug": "~0.7.0",
        "faye-websocket": "~0.4.3",
        "noptify": "~0.0.3",
        "qs": "~0.5.2"
      }
    },
    "typedarray": {
      "version": "0.0.6",
      "resolved": "https://registry.npmjs.org/typedarray/-/typedarray-0.0.6.tgz",
      "integrity": "sha1-hnrHTjhkGHsdPUfZlqeOxciDB3c="
    },
    "uglify-js": {
      "version": "2.8.29",
      "resolved": "https://registry.npmjs.org/uglify-js/-/uglify-js-2.8.29.tgz",
      "integrity": "sha1-KcVzMUgFe7Th913zW3qcty5qWd0=",
      "requires": {
        "source-map": "~0.5.1",
        "uglify-to-browserify": "~1.0.0",
        "yargs": "~3.10.0"
      },
      "dependencies": {
        "source-map": {
          "version": "0.5.7",
          "resolved": "https://registry.npmjs.org/source-map/-/source-map-0.5.7.tgz",
          "integrity": "sha1-igOdLRAh0i0eoUyA2OpGi6LvP8w="
        }
      }
    },
    "uglify-to-browserify": {
      "version": "1.0.2",
      "resolved": "https://registry.npmjs.org/uglify-to-browserify/-/uglify-to-browserify-1.0.2.tgz",
      "integrity": "sha1-bgkk1r2mta/jSeOabWMoUKD4grc=",
      "optional": true
    },
    "underscore": {
      "version": "1.7.0",
      "resolved": "https://registry.npmjs.org/underscore/-/underscore-1.7.0.tgz",
      "integrity": "sha1-a7rwh3UA02vjTsqlhODbn+8DUgk="
    },
    "underscore.string": {
      "version": "2.2.1",
      "resolved": "https://registry.npmjs.org/underscore.string/-/underscore.string-2.2.1.tgz",
      "integrity": "sha1-18D6KvXVoaZ/QlPa7pgTLnM/Dxk="
    },
    "util-deprecate": {
      "version": "1.0.2",
      "resolved": "https://registry.npmjs.org/util-deprecate/-/util-deprecate-1.0.2.tgz",
      "integrity": "sha1-RQ1Nyfpw3nMnYvvS1KKJgUGaDM8="
    },
    "which": {
      "version": "1.0.9",
      "resolved": "https://registry.npmjs.org/which/-/which-1.0.9.tgz",
      "integrity": "sha1-RgwdoPgQED0DIam2M6+eV15kSG8="
    },
    "win-spawn": {
      "version": "2.0.0",
      "resolved": "https://registry.npmjs.org/win-spawn/-/win-spawn-2.0.0.tgz",
      "integrity": "sha1-OXopEw7JjQqgvIa6pGITk+/9Cwc="
    },
    "window-size": {
      "version": "0.1.0",
      "resolved": "https://registry.npmjs.org/window-size/-/window-size-0.1.0.tgz",
      "integrity": "sha1-VDjNLqk7IC76Ohn+iIeu58lPnJ0="
    },
    "wordwrap": {
      "version": "0.0.2",
      "resolved": "https://registry.npmjs.org/wordwrap/-/wordwrap-0.0.2.tgz",
      "integrity": "sha1-t5Zpu0LstAn4PVg8rVLKF+qhZD8="
    },
    "yargs": {
      "version": "3.10.0",
      "resolved": "https://registry.npmjs.org/yargs/-/yargs-3.10.0.tgz",
      "integrity": "sha1-9+572FfdfB0tOMDnTvvWgdFDH9E=",
      "requires": {
        "camelcase": "^1.0.2",
        "cliui": "^2.1.0",
        "decamelize": "^1.0.0",
        "window-size": "0.1.0"
      }
    }
  }
}
